{
    "_readme": [
        "This file locks the dependencies of your project to a known state",
        "Read more about it at https://getcomposer.org/doc/01-basic-usage.md#installing-dependencies",
        "This file is @generated automatically"
    ],
    "content-hash": "0599c806ca3bc24da7ffece56ff0d4a0",
    "packages": [
        {
            "name": "components/jquery",
            "version": "dev-master",
            "source": {
                "type": "git",
                "url": "https://github.com/components/jquery.git",
                "reference": "b33e8f0f9a1cb2ae390cf05d766a900b53d2125b"
            },
            "dist": {
                "type": "zip",
                "url": "https://api.github.com/repos/components/jquery/zipball/b33e8f0f9a1cb2ae390cf05d766a900b53d2125b",
                "reference": "b33e8f0f9a1cb2ae390cf05d766a900b53d2125b",
                "shasum": ""
            },
            "type": "component",
            "extra": {
                "component": {
                    "scripts": [
                        "jquery.js"
                    ],
                    "files": [
                        "jquery.min.js",
                        "jquery.min.map",
                        "jquery.slim.js",
                        "jquery.slim.min.js",
                        "jquery.slim.min.map"
                    ]
                }
            },
            "notification-url": "https://packagist.org/downloads/",
            "license": [
                "MIT"
            ],
            "authors": [
                {
                    "name": "JS Foundation and other contributors"
                }
            ],
            "description": "jQuery JavaScript Library",
            "homepage": "http://jquery.com",
            "time": "2020-05-05T13:21:02+00:00"
        },
        {
            "name": "joomla/application",
            "version": "1.9.2",
            "source": {
                "type": "git",
                "url": "https://github.com/joomla-framework/application.git",
                "reference": "6c89fdde878f7ebb7d6455f664133e9497163e2e"
            },
            "dist": {
                "type": "zip",
                "url": "https://api.github.com/repos/joomla-framework/application/zipball/6c89fdde878f7ebb7d6455f664133e9497163e2e",
                "reference": "6c89fdde878f7ebb7d6455f664133e9497163e2e",
                "shasum": ""
            },
            "require": {
                "joomla/input": "~1.2",
                "joomla/registry": "^1.4.5|~2.0",
                "php": "^5.3.10|~7.0",
                "psr/log": "~1.0"
            },
            "require-dev": {
                "joomla/coding-standards": "~2.0@alpha",
                "joomla/event": "~1.2|~2.0",
                "joomla/session": "^1.2.1|~2.0",
                "joomla/test": "~1.1",
                "joomla/uri": "~1.1",
                "phpunit/phpunit": "^4.8.35|^5.4.3|~6.0"
            },
            "suggest": {
                "joomla/session": "To use AbstractWebApplication with session support, install joomla/session",
                "joomla/uri": "To use AbstractWebApplication, install joomla/uri"
            },
            "type": "joomla-package",
            "extra": {
                "branch-alias": {
                    "dev-master": "1.x-dev"
                }
            },
            "autoload": {
                "psr-4": {
                    "Joomla\\Application\\": "src/"
                }
            },
            "notification-url": "https://packagist.org/downloads/",
            "license": [
                "GPL-2.0-or-later"
            ],
            "description": "Joomla Application Package",
            "homepage": "https://github.com/joomla-framework/application",
            "keywords": [
                "application",
                "framework",
                "joomla"
            ],
            "time": "2019-03-28T14:55:36+00:00"
        },
        {
            "name": "joomla/controller",
            "version": "dev-master",
            "source": {
                "type": "git",
                "url": "https://github.com/joomla-framework/controller.git",
                "reference": "f09893bdf74cc79cea1b6d7171a5291cd3003a03"
            },
            "dist": {
                "type": "zip",
                "url": "https://api.github.com/repos/joomla-framework/controller/zipball/f09893bdf74cc79cea1b6d7171a5291cd3003a03",
                "reference": "f09893bdf74cc79cea1b6d7171a5291cd3003a03",
                "shasum": ""
            },
            "require": {
                "joomla/application": "~1.0|~2.0",
                "joomla/input": "~1.0|~2.0",
                "php": "^5.3.10|~7.0"
            },
            "require-dev": {
                "joomla/coding-standards": "~2.0@alpha",
                "phpunit/phpunit": "^4.8.35|^5.4.3|~6.0"
            },
            "type": "joomla-package",
            "extra": {
                "branch-alias": {
                    "dev-master": "1.x-dev"
                }
            },
            "autoload": {
                "psr-4": {
                    "Joomla\\Controller\\": "src/"
                }
            },
            "notification-url": "https://packagist.org/downloads/",
            "license": [
                "GPL-2.0-or-later"
            ],
            "description": "Joomla Controller Package",
            "homepage": "https://github.com/joomla-framework/controller",
            "keywords": [
                "controller",
                "framework",
                "joomla"
            ],
            "funding": [
                {
                    "url": "https://community.joomla.org/sponsorship-campaigns.html",
                    "type": "custom"
                },
                {
                    "url": "https://github.com/joomla",
                    "type": "github"
                }
            ],
            "time": "2020-06-27T15:51:32+00:00"
        },
        {
            "name": "joomla/database",
            "version": "1.6.0",
            "source": {
                "type": "git",
                "url": "https://github.com/joomla-framework/database.git",
                "reference": "2f96e35be028cf7cb7c36158e0b4de08de7a885f"
            },
            "dist": {
                "type": "zip",
                "url": "https://api.github.com/repos/joomla-framework/database/zipball/2f96e35be028cf7cb7c36158e0b4de08de7a885f",
                "reference": "2f96e35be028cf7cb7c36158e0b4de08de7a885f",
                "shasum": ""
            },
            "require": {
                "php": "^5.3.10|~7.0",
                "psr/log": "~1.0"
            },
            "require-dev": {
                "joomla/coding-standards": "~2.0@alpha",
                "joomla/test": "~1.0",
                "phpunit/dbunit": "~1.3|~2.0",
                "phpunit/phpunit": "^4.8.35|^5.4.3"
            },
            "suggest": {
                "ext-mysqli": "To connect to a MySQL database via MySQLi",
                "ext-pdo": "To connect to a MySQL, Oracle, PostgreSQL, or SQLite database via PDO",
                "ext-pgsql": "To connect to a PostgreSQL database",
                "ext-sqlsrv": "To connect to a SQL Server database"
            },
            "type": "joomla-package",
            "extra": {
                "branch-alias": {
                    "dev-master": "1.x-dev"
                }
            },
            "autoload": {
                "psr-4": {
                    "Joomla\\Database\\": "src/"
                }
            },
            "notification-url": "https://packagist.org/downloads/",
            "license": [
                "GPL-2.0-or-later"
            ],
            "description": "Joomla Database Package",
            "homepage": "https://github.com/joomla-framework/database",
            "keywords": [
                "database",
                "framework",
                "joomla"
            ],
            "time": "2018-06-30T23:43:04+00:00"
        },
        {
            "name": "joomla/di",
            "version": "dev-master",
            "source": {
                "type": "git",
                "url": "https://github.com/joomla-framework/di.git",
                "reference": "df59306ff62435b7ffc32b0c585fc7375e5916a1"
            },
            "dist": {
                "type": "zip",
                "url": "https://api.github.com/repos/joomla-framework/di/zipball/df59306ff62435b7ffc32b0c585fc7375e5916a1",
                "reference": "df59306ff62435b7ffc32b0c585fc7375e5916a1",
                "shasum": ""
            },
            "require": {
                "php": "^5.3.10|~7.0",
                "psr/container": "~1.0"
            },
            "provide": {
                "psr/container-implementation": "~1.0"
            },
            "require-dev": {
                "joomla/coding-standards": "~2.0@alpha",
                "phpunit/phpunit": "^4.8.35|^5.4.3|~6.0"
            },
            "type": "joomla-package",
            "extra": {
                "branch-alias": {
                    "dev-master": "1.x-dev"
                }
            },
            "autoload": {
                "psr-4": {
                    "Joomla\\DI\\": "src/"
                }
            },
            "notification-url": "https://packagist.org/downloads/",
            "license": [
                "GPL-2.0-or-later"
            ],
            "description": "Joomla DI Package",
            "homepage": "https://github.com/joomla-framework/di",
            "keywords": [
                "container",
                "dependency injection",
                "di",
                "framework",
                "ioc",
                "joomla"
            ],
            "funding": [
                {
                    "url": "https://community.joomla.org/sponsorship-campaigns.html",
                    "type": "custom"
                },
                {
                    "url": "https://github.com/joomla",
                    "type": "github"
                }
            ],
            "time": "2020-06-27T15:50:37+00:00"
        },
        {
            "name": "joomla/filter",
            "version": "dev-master",
            "source": {
                "type": "git",
                "url": "https://github.com/joomla-framework/filter.git",
                "reference": "65b29e44a86977aec90361164677176eb1c79af5"
            },
            "dist": {
                "type": "zip",
                "url": "https://api.github.com/repos/joomla-framework/filter/zipball/65b29e44a86977aec90361164677176eb1c79af5",
                "reference": "65b29e44a86977aec90361164677176eb1c79af5",
                "shasum": ""
            },
            "require": {
                "joomla/string": "~1.3|~2.0",
                "php": "^5.3.10|~7.0"
            },
            "require-dev": {
                "joomla/coding-standards": "~2.0@alpha",
                "joomla/language": "~1.3",
                "phpunit/phpunit": "^4.8.35|^5.4.3|~6.0"
            },
            "suggest": {
                "joomla/language": "Required only if you want to use `OutputFilter::stringURLSafe`."
            },
            "type": "joomla-package",
            "extra": {
                "branch-alias": {
                    "dev-master": "1.x-dev"
                }
            },
            "autoload": {
                "psr-4": {
                    "Joomla\\Filter\\": "src/"
                }
            },
            "notification-url": "https://packagist.org/downloads/",
            "license": [
                "GPL-2.0-or-later"
            ],
            "description": "Joomla Filter Package",
            "homepage": "https://github.com/joomla-framework/filter",
            "keywords": [
                "filter",
                "framework",
                "joomla"
            ],
            "funding": [
                {
                    "url": "https://community.joomla.org/sponsorship-campaigns.html",
                    "type": "custom"
                },
                {
                    "url": "https://github.com/joomla",
                    "type": "github"
                }
            ],
            "time": "2020-06-27T15:52:26+00:00"
        },
        {
            "name": "joomla/input",
            "version": "dev-master",
            "source": {
                "type": "git",
                "url": "https://github.com/joomla-framework/input.git",
                "reference": "8192be2f9699a02307284bb3bd2e40f549dd84b4"
            },
            "dist": {
                "type": "zip",
                "url": "https://api.github.com/repos/joomla-framework/input/zipball/8192be2f9699a02307284bb3bd2e40f549dd84b4",
                "reference": "8192be2f9699a02307284bb3bd2e40f549dd84b4",
                "shasum": ""
            },
            "require": {
                "joomla/filter": "~1.0",
                "php": "^5.3.10|~7.0"
            },
            "require-dev": {
                "joomla/coding-standards": "~2.0@alpha",
                "joomla/test": "~1.0",
                "phpunit/phpunit": "^4.8.35|^5.4.3|~6.0"
            },
            "type": "joomla-package",
            "extra": {
                "branch-alias": {
                    "dev-master": "1.x-dev"
                }
            },
            "autoload": {
                "psr-4": {
                    "Joomla\\Input\\": "src/"
                }
            },
            "notification-url": "https://packagist.org/downloads/",
            "license": [
                "GPL-2.0-or-later"
            ],
            "description": "Joomla Input Package",
            "homepage": "https://github.com/joomla-framework/input",
            "keywords": [
                "framework",
                "input",
                "joomla"
            ],
            "funding": [
                {
                    "url": "https://community.joomla.org/sponsorship-campaigns.html",
                    "type": "custom"
                },
                {
                    "url": "https://github.com/joomla",
                    "type": "github"
                }
            ],
            "time": "2020-06-27T15:50:51+00:00"
        },
        {
            "name": "joomla/model",
            "version": "dev-master",
            "source": {
                "type": "git",
                "url": "https://github.com/joomla-framework/model.git",
                "reference": "f77f7fb8dbcb102f4d20c6e406851e1ab59125cc"
            },
            "dist": {
                "type": "zip",
                "url": "https://api.github.com/repos/joomla-framework/model/zipball/f77f7fb8dbcb102f4d20c6e406851e1ab59125cc",
                "reference": "f77f7fb8dbcb102f4d20c6e406851e1ab59125cc",
                "shasum": ""
            },
            "require": {
                "joomla/registry": "^1.4.5|~2.0",
                "php": "^5.3.10|~7.0"
            },
            "require-dev": {
                "joomla/coding-standards": "~2.0@alpha",
                "joomla/database": "~1.0|~2.0",
                "joomla/test": "~1.0",
                "phpunit/phpunit": "^4.8.35|^5.4.3|~6.0"
            },
            "suggest": {
                "joomla/database": "Allows using database models"
            },
            "type": "joomla-package",
            "extra": {
                "branch-alias": {
                    "dev-master": "1.x-dev"
                }
            },
            "autoload": {
                "psr-4": {
                    "Joomla\\Model\\": "src/"
                }
            },
            "notification-url": "https://packagist.org/downloads/",
            "license": [
                "GPL-2.0-or-later"
            ],
            "description": "Joomla Model Package",
            "homepage": "https://github.com/joomla-framework/model",
            "keywords": [
                "framework",
                "joomla",
                "model"
            ],
            "funding": [
                {
                    "url": "https://community.joomla.org/sponsorship-campaigns.html",
                    "type": "custom"
                },
                {
                    "url": "https://github.com/joomla",
                    "type": "github"
                }
            ],
            "time": "2020-06-27T15:51:55+00:00"
        },
        {
            "name": "joomla/registry",
            "version": "dev-2.0-dev",
            "source": {
                "type": "git",
                "url": "https://github.com/joomla-framework/registry.git",
                "reference": "58b1b1829d0e83a4be04fa36606135c7ffe4ac25"
            },
            "dist": {
                "type": "zip",
                "url": "https://api.github.com/repos/joomla-framework/registry/zipball/58b1b1829d0e83a4be04fa36606135c7ffe4ac25",
                "reference": "58b1b1829d0e83a4be04fa36606135c7ffe4ac25",
                "shasum": ""
            },
            "require": {
                "joomla/utilities": "^1.4.1|^2.0",
                "php": "^7.2.5"
            },
            "conflict": {
                "symfony/yaml": "<3.4"
            },
            "require-dev": {
                "joomla/coding-standards": "^2.0@alpha",
                "phpunit/phpunit": "^8.5|^9.0",
                "symfony/yaml": "^3.4|^4.4|^5.0"
            },
            "suggest": {
                "symfony/yaml": "Install symfony/yaml if you require YAML support."
            },
            "type": "joomla-package",
            "extra": {
                "branch-alias": {
                    "dev-2.0-dev": "2.0-dev"
                }
            },
            "autoload": {
                "psr-4": {
                    "Joomla\\Registry\\": "src/"
                }
            },
            "notification-url": "https://packagist.org/downloads/",
            "license": [
                "GPL-2.0-or-later"
            ],
            "description": "Joomla Registry Package",
            "homepage": "https://github.com/joomla-framework/registry",
            "keywords": [
                "framework",
                "joomla",
                "registry"
            ],
            "time": "2020-06-27T15:09:15+00:00"
        },
        {
            "name": "joomla/router",
            "version": "1.2.0",
            "source": {
                "type": "git",
                "url": "https://github.com/joomla-framework/router.git",
                "reference": "7ec0d2e82c3ae3fb40d262f08d62b4f99a288d21"
            },
            "dist": {
                "type": "zip",
                "url": "https://api.github.com/repos/joomla-framework/router/zipball/7ec0d2e82c3ae3fb40d262f08d62b4f99a288d21",
                "reference": "7ec0d2e82c3ae3fb40d262f08d62b4f99a288d21",
                "shasum": ""
            },
            "require": {
                "joomla/controller": "~1.0|~2.0",
                "joomla/input": "~1.0|~2.0",
                "php": "^5.3.10|~7.0"
            },
            "require-dev": {
                "joomla/coding-standards": "~2.0@alpha",
                "joomla/test": "~1.0",
                "phpunit/phpunit": "^4.8.35|^5.4.3|~6.0"
            },
            "type": "joomla-package",
            "extra": {
                "branch-alias": {
                    "dev-master": "1.x-dev"
                }
            },
            "autoload": {
                "psr-4": {
                    "Joomla\\Router\\": "src/"
                }
            },
            "notification-url": "https://packagist.org/downloads/",
            "license": [
                "GPL-2.0-or-later"
            ],
            "description": "Joomla Router Package",
            "homepage": "https://github.com/joomla-framework/router",
            "keywords": [
                "framework",
                "joomla",
                "router"
            ],
            "time": "2018-03-15T00:37:35+00:00"
        },
        {
            "name": "joomla/string",
            "version": "dev-2.0-dev",
            "source": {
                "type": "git",
                "url": "https://github.com/joomla-framework/string.git",
                "reference": "770192a1a82229b8e6a85a87dfcb863f603e1f0f"
            },
            "dist": {
                "type": "zip",
                "url": "https://api.github.com/repos/joomla-framework/string/zipball/770192a1a82229b8e6a85a87dfcb863f603e1f0f",
                "reference": "770192a1a82229b8e6a85a87dfcb863f603e1f0f",
                "shasum": ""
            },
            "require": {
                "php": "^7.2.5",
                "symfony/deprecation-contracts": "^2.1"
            },
            "conflict": {
                "doctrine/inflector": "<1.2"
            },
            "require-dev": {
                "doctrine/inflector": "^1.2",
                "joomla/coding-standards": "^2.0@alpha",
                "joomla/test": "^2.0",
                "phpunit/phpunit": "^8.5|^9.0"
            },
            "suggest": {
                "doctrine/inflector": "To use the string inflector",
                "ext-mbstring": "For improved processing"
            },
            "type": "joomla-package",
            "extra": {
                "branch-alias": {
                    "dev-2.0-dev": "2.0-dev"
                }
            },
            "autoload": {
                "psr-4": {
                    "Joomla\\String\\": "src/"
                },
                "files": [
                    "src/phputf8/utf8.php",
                    "src/phputf8/ord.php",
                    "src/phputf8/str_ireplace.php",
                    "src/phputf8/str_pad.php",
                    "src/phputf8/str_split.php",
                    "src/phputf8/strcasecmp.php",
                    "src/phputf8/strcspn.php",
                    "src/phputf8/stristr.php",
                    "src/phputf8/strrev.php",
                    "src/phputf8/strspn.php",
                    "src/phputf8/trim.php",
                    "src/phputf8/ucfirst.php",
                    "src/phputf8/ucwords.php",
                    "src/phputf8/utils/ascii.php",
                    "src/phputf8/utils/validation.php"
                ]
            },
            "notification-url": "https://packagist.org/downloads/",
            "license": [
                "GPL-2.0-or-later"
            ],
            "description": "Joomla String Package",
            "homepage": "https://github.com/joomla-framework/string",
            "keywords": [
                "framework",
                "joomla",
                "string"
            ],
            "time": "2020-06-27T15:32:28+00:00"
        },
        {
            "name": "joomla/uri",
            "version": "dev-master",
            "source": {
                "type": "git",
                "url": "https://github.com/joomla-framework/uri.git",
                "reference": "63fdd9fceac1db31d3f469aded4bef5daa82b980"
            },
            "dist": {
                "type": "zip",
                "url": "https://api.github.com/repos/joomla-framework/uri/zipball/63fdd9fceac1db31d3f469aded4bef5daa82b980",
                "reference": "63fdd9fceac1db31d3f469aded4bef5daa82b980",
                "shasum": ""
            },
            "require": {
                "php": "^5.3.10|~7.0"
            },
            "require-dev": {
                "joomla/coding-standards": "~2.0@alpha",
                "joomla/test": "~1.0",
                "phpunit/phpunit": "^4.8.35|^5.4.3|~6.0"
            },
            "type": "joomla-package",
            "extra": {
                "branch-alias": {
                    "dev-master": "1.x-dev"
                }
            },
            "autoload": {
                "psr-4": {
                    "Joomla\\Uri\\": "src/"
                }
            },
            "notification-url": "https://packagist.org/downloads/",
            "license": [
                "GPL-2.0-or-later"
            ],
            "description": "Joomla Uri Package",
            "homepage": "https://github.com/joomla-framework/uri",
            "keywords": [
                "framework",
                "joomla",
                "uri"
            ],
            "funding": [
                {
                    "url": "https://community.joomla.org/sponsorship-campaigns.html",
                    "type": "custom"
                },
                {
                    "url": "https://github.com/joomla",
                    "type": "github"
                }
            ],
            "time": "2020-06-27T15:52:33+00:00"
        },
        {
            "name": "joomla/utilities",
            "version": "dev-2.0-dev",
            "source": {
                "type": "git",
                "url": "https://github.com/joomla-framework/utilities.git",
                "reference": "78cc9c646b31b94c486fd1e6be8a1ab93a991998"
            },
            "dist": {
                "type": "zip",
                "url": "https://api.github.com/repos/joomla-framework/utilities/zipball/78cc9c646b31b94c486fd1e6be8a1ab93a991998",
                "reference": "78cc9c646b31b94c486fd1e6be8a1ab93a991998",
                "shasum": ""
            },
            "require": {
                "joomla/string": "^1.3|^2.0",
                "php": "^7.2.5"
            },
            "require-dev": {
                "joomla/coding-standards": "^2.0@alpha",
                "phpunit/phpunit": "^8.5|^9.0"
            },
            "type": "joomla-package",
            "extra": {
                "branch-alias": {
                    "dev-2.0-dev": "2.0-dev"
                }
            },
            "autoload": {
                "psr-4": {
                    "Joomla\\Utilities\\": "src/"
                }
            },
            "notification-url": "https://packagist.org/downloads/",
            "license": [
                "GPL-2.0-or-later"
            ],
            "description": "Joomla Utilities Package",
            "homepage": "https://github.com/joomla-framework/utilities",
            "keywords": [
                "framework",
                "joomla",
                "utilities"
            ],
            "time": "2020-06-27T15:09:00+00:00"
        },
        {
            "name": "joomla/view",
            "version": "dev-master",
            "source": {
                "type": "git",
                "url": "https://github.com/joomla-framework/view.git",
                "reference": "fc081069b13c1b4b8ec15c5fd074e96bb9703521"
            },
            "dist": {
                "type": "zip",
                "url": "https://api.github.com/repos/joomla-framework/view/zipball/fc081069b13c1b4b8ec15c5fd074e96bb9703521",
                "reference": "fc081069b13c1b4b8ec15c5fd074e96bb9703521",
                "shasum": ""
            },
            "require": {
                "joomla/model": "~1.0",
                "php": "^5.3.10|~7.0"
            },
            "require-dev": {
                "joomla/coding-standards": "~2.0@alpha",
                "joomla/filesystem": "~1.0",
                "joomla/test": "~1.0",
                "phpunit/phpunit": "^4.8.35|^5.4.3|~6.0"
            },
            "suggest": {
                "joomla/filesystem": "To use the AbstractHtmlView, install joomla/filesystem"
            },
            "type": "joomla-package",
            "extra": {
                "branch-alias": {
                    "dev-master": "1.x-dev"
                }
            },
            "autoload": {
                "psr-4": {
                    "Joomla\\View\\": "src/"
                }
            },
            "notification-url": "https://packagist.org/downloads/",
            "license": [
                "GPL-2.0-or-later"
            ],
            "description": "Joomla View Package",
            "homepage": "https://github.com/joomla-framework/view",
            "keywords": [
                "framework",
                "joomla",
                "view"
            ],
            "funding": [
                {
                    "url": "https://community.joomla.org/sponsorship-campaigns.html",
                    "type": "custom"
                },
                {
                    "url": "https://github.com/joomla",
                    "type": "github"
                }
            ],
            "time": "2020-06-27T15:51:59+00:00"
        },
        {
            "name": "psr/container",
            "version": "dev-master",
            "source": {
                "type": "git",
                "url": "https://github.com/php-fig/container.git",
                "reference": "fc1bc363ecf887921e3897c7b1dad3587ae154eb"
            },
            "dist": {
                "type": "zip",
                "url": "https://api.github.com/repos/php-fig/container/zipball/fc1bc363ecf887921e3897c7b1dad3587ae154eb",
                "reference": "fc1bc363ecf887921e3897c7b1dad3587ae154eb",
                "shasum": ""
            },
            "require": {
                "php": ">=5.3.0"
            },
            "type": "library",
            "extra": {
                "branch-alias": {
                    "dev-master": "1.0.x-dev"
                }
            },
            "autoload": {
                "psr-4": {
                    "Psr\\Container\\": "src/"
                }
            },
            "notification-url": "https://packagist.org/downloads/",
            "license": [
                "MIT"
            ],
            "authors": [
                {
                    "name": "PHP-FIG",
                    "homepage": "http://www.php-fig.org/"
                }
            ],
            "description": "Common Container Interface (PHP FIG PSR-11)",
            "homepage": "https://github.com/php-fig/container",
            "keywords": [
                "PSR-11",
                "container",
                "container-interface",
                "container-interop",
                "psr"
            ],
            "time": "2019-10-04T14:07:35+00:00"
        },
        {
            "name": "psr/log",
            "version": "dev-master",
            "source": {
                "type": "git",
                "url": "https://github.com/php-fig/log.git",
                "reference": "0f73288fd15629204f9d42b7055f72dacbe811fc"
            },
            "dist": {
                "type": "zip",
                "url": "https://api.github.com/repos/php-fig/log/zipball/0f73288fd15629204f9d42b7055f72dacbe811fc",
                "reference": "0f73288fd15629204f9d42b7055f72dacbe811fc",
                "shasum": ""
            },
            "require": {
                "php": ">=5.3.0"
            },
            "type": "library",
            "extra": {
                "branch-alias": {
                    "dev-master": "1.1.x-dev"
                }
            },
            "autoload": {
                "psr-4": {
                    "Psr\\Log\\": "Psr/Log/"
                }
            },
            "notification-url": "https://packagist.org/downloads/",
            "license": [
                "MIT"
            ],
            "authors": [
                {
                    "name": "PHP-FIG",
                    "homepage": "http://www.php-fig.org/"
                }
            ],
            "description": "Common interface for logging libraries",
            "homepage": "https://github.com/php-fig/log",
            "keywords": [
                "log",
                "psr",
                "psr-3"
            ],
            "time": "2020-03-23T09:12:05+00:00"
        },
        {
            "name": "symfony/deprecation-contracts",
            "version": "dev-master",
            "source": {
                "type": "git",
                "url": "https://github.com/symfony/deprecation-contracts.git",
                "reference": "5e20b83385a77593259c9f8beb2c43cd03b2ac14"
            },
            "dist": {
                "type": "zip",
                "url": "https://api.github.com/repos/symfony/deprecation-contracts/zipball/5e20b83385a77593259c9f8beb2c43cd03b2ac14",
                "reference": "5e20b83385a77593259c9f8beb2c43cd03b2ac14",
                "shasum": ""
            },
            "require": {
                "php": ">=7.1"
            },
            "type": "library",
            "extra": {
                "branch-alias": {
                    "dev-master": "2.1-dev"
                },
                "thanks": {
                    "name": "symfony/contracts",
                    "url": "https://github.com/symfony/contracts"
                }
            },
            "autoload": {
                "files": [
                    "function.php"
                ]
            },
            "notification-url": "https://packagist.org/downloads/",
            "license": [
                "MIT"
            ],
            "authors": [
                {
                    "name": "Nicolas Grekas",
                    "email": "p@tchwork.com"
                },
                {
                    "name": "Symfony Community",
                    "homepage": "https://symfony.com/contributors"
                }
            ],
            "description": "A generic function and convention to trigger deprecation notices",
            "homepage": "https://symfony.com",
            "funding": [
                {
                    "url": "https://symfony.com/sponsor",
                    "type": "custom"
                },
                {
                    "url": "https://github.com/fabpot",
                    "type": "github"
                },
                {
                    "url": "https://tidelift.com/funding/github/packagist/symfony/symfony",
                    "type": "tidelift"
                }
            ],
            "time": "2020-06-06T08:49:21+00:00"
        },
        {
            "name": "symfony/http-foundation",
            "version": "v2.4.10",
            "target-dir": "Symfony/Component/HttpFoundation",
            "source": {
                "type": "git",
                "url": "https://github.com/symfony/http-foundation.git",
                "reference": "8e42d9536b5df05f37a9aae5761d3ee69ab95ddf"
            },
            "dist": {
                "type": "zip",
                "url": "https://api.github.com/repos/symfony/http-foundation/zipball/8e42d9536b5df05f37a9aae5761d3ee69ab95ddf",
                "reference": "8e42d9536b5df05f37a9aae5761d3ee69ab95ddf",
                "shasum": ""
            },
            "require": {
                "php": ">=5.3.3"
            },
            "require-dev": {
                "symfony/expression-language": "~2.4"
            },
            "type": "library",
            "extra": {
                "branch-alias": {
                    "dev-master": "2.4-dev"
                }
            },
            "autoload": {
                "psr-0": {
                    "Symfony\\Component\\HttpFoundation\\": ""
                },
                "classmap": [
                    "Symfony/Component/HttpFoundation/Resources/stubs"
                ]
            },
            "notification-url": "https://packagist.org/downloads/",
            "license": [
                "MIT"
            ],
            "authors": [
                {
                    "name": "Symfony Community",
                    "homepage": "http://symfony.com/contributors"
                },
                {
                    "name": "Fabien Potencier",
                    "email": "fabien@symfony.com"
                }
            ],
            "description": "Symfony HttpFoundation Component",
            "homepage": "http://symfony.com",
            "time": "2014-09-25T08:51:47+00:00"
        },
        {
            "name": "symfony/polyfill-mbstring",
            "version": "dev-master",
            "source": {
                "type": "git",
                "url": "https://github.com/symfony/polyfill-mbstring.git",
                "reference": "a6977d63bf9a0ad4c65cd352709e230876f9904a"
            },
            "dist": {
                "type": "zip",
                "url": "https://api.github.com/repos/symfony/polyfill-mbstring/zipball/a6977d63bf9a0ad4c65cd352709e230876f9904a",
                "reference": "a6977d63bf9a0ad4c65cd352709e230876f9904a",
                "shasum": ""
            },
            "require": {
                "php": ">=5.3.3"
            },
            "suggest": {
                "ext-mbstring": "For best performance"
            },
            "type": "library",
            "extra": {
                "branch-alias": {
                    "dev-master": "1.18-dev"
                },
                "thanks": {
                    "name": "symfony/polyfill",
                    "url": "https://github.com/symfony/polyfill"
                }
            },
            "autoload": {
                "psr-4": {
                    "Symfony\\Polyfill\\Mbstring\\": ""
                },
                "files": [
                    "bootstrap.php"
                ]
            },
            "notification-url": "https://packagist.org/downloads/",
            "license": [
                "MIT"
            ],
            "authors": [
                {
                    "name": "Nicolas Grekas",
                    "email": "p@tchwork.com"
                },
                {
                    "name": "Symfony Community",
                    "homepage": "https://symfony.com/contributors"
                }
            ],
            "description": "Symfony polyfill for the Mbstring extension",
            "homepage": "https://symfony.com",
            "keywords": [
                "compatibility",
                "mbstring",
                "polyfill",
                "portable",
                "shim"
            ],
            "funding": [
                {
                    "url": "https://symfony.com/sponsor",
                    "type": "custom"
                },
                {
                    "url": "https://github.com/fabpot",
                    "type": "github"
                },
                {
                    "url": "https://tidelift.com/funding/github/packagist/symfony/symfony",
                    "type": "tidelift"
                }
            ],
            "time": "2020-07-14T12:35:20+00:00"
        },
        {
            "name": "twbs/bootstrap",
            "version": "v4.5.2",
            "source": {
                "type": "git",
                "url": "https://github.com/twbs/bootstrap.git",
                "reference": "5f2480a90ab911babc53039835fe78c6fc12646d"
            },
            "dist": {
                "type": "zip",
                "url": "https://api.github.com/repos/twbs/bootstrap/zipball/5f2480a90ab911babc53039835fe78c6fc12646d",
                "reference": "5f2480a90ab911babc53039835fe78c6fc12646d",
                "shasum": ""
            },
            "replace": {
                "twitter/bootstrap": "self.version"
            },
            "type": "library",
            "extra": {
                "branch-alias": {
                    "dev-master": "3.3.x-dev"
                }
            },
            "notification-url": "https://packagist.org/downloads/",
            "license": [
                "MIT"
            ],
            "authors": [
                {
                    "name": "Mark Otto",
                    "email": "markdotto@gmail.com"
                },
                {
                    "name": "Jacob Thornton",
                    "email": "jacobthornton@gmail.com"
                }
            ],
            "description": "The most popular front-end framework for developing responsive, mobile first projects on the web.",
            "homepage": "https://getbootstrap.com/",
            "keywords": [
                "JS",
                "css",
                "framework",
                "front-end",
                "mobile-first",
                "responsive",
                "sass",
                "web"
            ],
            "funding": [
                {
                    "url": "https://opencollective.com/bootstrap",
                    "type": "open_collective"
                }
            ],
            "time": "2020-08-06T16:22:43+00:00"
        },
        {
            "name": "twig/twig",
            "version": "v2.0.0",
            "source": {
                "type": "git",
                "url": "https://github.com/twigphp/Twig.git",
                "reference": "2a86dde1288d7270169083d0e078dc7ebe0f48b6"
            },
            "dist": {
                "type": "zip",
                "url": "https://api.github.com/repos/twigphp/Twig/zipball/2a86dde1288d7270169083d0e078dc7ebe0f48b6",
                "reference": "2a86dde1288d7270169083d0e078dc7ebe0f48b6",
                "shasum": ""
            },
            "require": {
                "php": "^7.0",
                "symfony/polyfill-mbstring": "~1.0"
            },
            "require-dev": {
                "symfony/debug": "~2.7",
                "symfony/phpunit-bridge": "~3.2"
            },
            "type": "library",
            "extra": {
                "branch-alias": {
                    "dev-master": "2.0-dev"
                }
            },
            "autoload": {
                "psr-0": {
                    "Twig_": "lib/"
                }
            },
            "notification-url": "https://packagist.org/downloads/",
            "license": [
                "BSD-3-Clause"
            ],
            "authors": [
                {
                    "name": "Fabien Potencier",
                    "email": "fabien@symfony.com",
                    "homepage": "http://fabien.potencier.org",
                    "role": "Lead Developer"
                },
                {
                    "name": "Armin Ronacher",
                    "email": "armin.ronacher@active-4.com",
                    "role": "Project Founder"
                },
                {
                    "name": "Twig Team",
                    "homepage": "http://twig.sensiolabs.org/contributors",
                    "role": "Contributors"
                }
            ],
            "description": "Twig, the flexible, fast, and secure template language for PHP",
            "homepage": "http://twig.sensiolabs.org",
            "keywords": [
                "templating"
            ],
            "time": "2017-01-05T17:12:02+00:00"
        }
    ],
    "packages-dev": [
        {
            "name": "filp/whoops",
            "version": "1.0.10",
            "source": {
                "type": "git",
                "url": "https://github.com/filp/whoops.git",
                "reference": "91e3fd4b0812017ffbeb24add55330664e1ea32a"
            },
            "dist": {
                "type": "zip",
                "url": "https://api.github.com/repos/filp/whoops/zipball/91e3fd4b0812017ffbeb24add55330664e1ea32a",
                "reference": "91e3fd4b0812017ffbeb24add55330664e1ea32a",
                "shasum": ""
            },
            "require": {
                "php": ">=5.3.0"
            },
            "require-dev": {
                "mockery/mockery": "dev-master",
                "silex/silex": "1.0.*@dev"
            },
            "type": "library",
            "autoload": {
                "psr-0": {
                    "Whoops": "src/"
                }
            },
            "notification-url": "https://packagist.org/downloads/",
            "license": [
                "MIT"
            ],
            "authors": [
                {
                    "name": "Filipe Dobreira",
                    "homepage": "https://github.com/filp",
                    "role": "Developer"
                }
            ],
            "description": "php error handling for cool kids",
            "homepage": "https://github.com/filp/whoops",
            "keywords": [
                "error",
                "exception",
                "handling",
                "library",
                "silex-provider",
                "whoops",
                "zf2"
            ],
            "time": "2013-12-04T14:19:30+00:00"
        },
        {
            "name": "symfony/polyfill-ctype",
            "version": "dev-master",
            "source": {
                "type": "git",
                "url": "https://github.com/symfony/polyfill-ctype.git",
                "reference": "1c302646f6efc070cd46856e600e5e0684d6b454"
            },
            "dist": {
                "type": "zip",
                "url": "https://api.github.com/repos/symfony/polyfill-ctype/zipball/1c302646f6efc070cd46856e600e5e0684d6b454",
                "reference": "1c302646f6efc070cd46856e600e5e0684d6b454",
                "shasum": ""
            },
            "require": {
                "php": ">=5.3.3"
            },
            "suggest": {
                "ext-ctype": "For best performance"
            },
            "type": "library",
            "extra": {
                "branch-alias": {
                    "dev-master": "1.18-dev"
                },
                "thanks": {
                    "name": "symfony/polyfill",
                    "url": "https://github.com/symfony/polyfill"
                }
            },
            "autoload": {
                "psr-4": {
                    "Symfony\\Polyfill\\Ctype\\": ""
                },
                "files": [
                    "bootstrap.php"
                ]
            },
            "notification-url": "https://packagist.org/downloads/",
            "license": [
                "MIT"
            ],
            "authors": [
                {
                    "name": "Gert de Pagter",
                    "email": "BackEndTea@gmail.com"
                },
                {
                    "name": "Symfony Community",
                    "homepage": "https://symfony.com/contributors"
                }
            ],
            "description": "Symfony polyfill for ctype functions",
            "homepage": "https://symfony.com",
            "keywords": [
                "compatibility",
                "ctype",
                "polyfill",
                "portable"
            ],
            "funding": [
                {
                    "url": "https://symfony.com/sponsor",
                    "type": "custom"
                },
                {
                    "url": "https://github.com/fabpot",
                    "type": "github"
                },
                {
                    "url": "https://tidelift.com/funding/github/packagist/symfony/symfony",
                    "type": "tidelift"
                }
            ],
            "time": "2020-07-14T12:35:20+00:00"
        }
    ],
    "aliases": [],
    "minimum-stability": "dev",
    "stability-flags": {
        "symfony/http-foundation": 0,
        "twbs/bootstrap": 0,
        "components/jquery": 20,
        "filp/whoops": 0
    },
    "prefer-stable": false,
    "prefer-lowest": false,
    "platform": {
        "php": ">=5.3.10"
    },
    "platform-dev": [],
    "plugin-api-version": "1.1.0"
}
